
Microsoft Visual Studio Solution File, Format Version 12.00
# Visual Studio Version 16
VisualStudioVersion = 16.0.31702.278
MinimumVisualStudioVersion = 10.0.40219.1
Project("{8BC9CEB8-8B4A-11D0-8D11-00A0C91BC942}") = "2.25", "2.25\2.25.vcxproj", "{39ACF607-0DB4-4A63-9575-FCEFC54E7405}"
EndProject
Global
	GlobalSection(SolutionConfigurationPlatforms) = preSolution
		Debug|x64 = Debug|x64
		Debug|x86 = Debug|x86
		Release|x64 = Release|x64
		Release|x86 = Release|x86
	EndGlobalSection
	GlobalSection(ProjectConfigurationPlatforms) = postSolution
		{39ACF607-0DB4-4A63-9575-FCEFC54E7405}.Debug|x64.ActiveCfg = Debug|x64
		{39ACF607-0DB4-4A63-9575-FCEFC54E7405}.Debug|x64.Build.0 = Debug|x64
		{39ACF607-0DB4-4A63-9575-FCEFC54E7405}.Debug|x86.ActiveCfg = Debug|Win32
		{39ACF607-0DB4-4A63-9575-FCEFC54E7405}.Debug|x86.Build.0 = Debug|Win32
		{39ACF607-0DB4-4A63-9575-FCEFC54E7405}.Release|x64.ActiveCfg = Release|x64
		{39ACF607-0DB4-4A63-9575-FCEFC54E7405}.Release|x64.Build.0 = Release|x64
		{39ACF607-0DB4-4A63-9575-FCEFC54E7405}.Release|x86.ActiveCfg = Release|Win32
		{39ACF607-0DB4-4A63-9575-FCEFC54E7405}.Release|x86.Build.0 = Release|Win32
	EndGlobalSection
	GlobalSection(SolutionProperties) = preSolution
		HideSolutionNode = FALSE
	EndGlobalSection
	GlobalSection(ExtensibilityGlobals) = postSolution
		SolutionGuid = {A61F9E60-CD67-4818-BAAC-76EB59728B4A}
	EndGlobalSection
EndGlobal
