<?xml version="1.0" encoding="utf-8"?>
<Project ToolsVersion="4.0" xmlns="http://schemas.microsoft.com/developer/msbuild/2003">
  <ItemGroup>
    <Filter Include="source">
      <UniqueIdentifier>{3b66fd3c-392e-415e-9892-d6ff10aa396f}</UniqueIdentifier>
    </Filter>
    <Filter Include="include">
      <UniqueIdentifier>{c7c8c5c7-51db-4698-952a-782820d437dd}</UniqueIdentifier>
    </Filter>
  </ItemGroup>
  <ItemGroup>
    <ClCompile Include="source\main.c">
      <Filter>source</Filter>
    </ClCompile>
  </ItemGroup>
</Project>