
Microsoft Visual Studio Solution File, Format Version 12.00
# Visual Studio Version 16
VisualStudioVersion = 16.0.31702.278
MinimumVisualStudioVersion = 10.0.40219.1
Project("{8BC9CEB8-8B4A-11D0-8D11-00A0C91BC942}") = "4.27", "4.27\4.27.vcxproj", "{F678C4CF-76B5-4AF2-A9B0-123747C9F3CA}"
EndProject
Global
	GlobalSection(SolutionConfigurationPlatforms) = preSolution
		Debug|x64 = Debug|x64
		Debug|x86 = Debug|x86
		Release|x64 = Release|x64
		Release|x86 = Release|x86
	EndGlobalSection
	GlobalSection(ProjectConfigurationPlatforms) = postSolution
		{F678C4CF-76B5-4AF2-A9B0-123747C9F3CA}.Debug|x64.ActiveCfg = Debug|x64
		{F678C4CF-76B5-4AF2-A9B0-123747C9F3CA}.Debug|x64.Build.0 = Debug|x64
		{F678C4CF-76B5-4AF2-A9B0-123747C9F3CA}.Debug|x86.ActiveCfg = Debug|Win32
		{F678C4CF-76B5-4AF2-A9B0-123747C9F3CA}.Debug|x86.Build.0 = Debug|Win32
		{F678C4CF-76B5-4AF2-A9B0-123747C9F3CA}.Release|x64.ActiveCfg = Release|x64
		{F678C4CF-76B5-4AF2-A9B0-123747C9F3CA}.Release|x64.Build.0 = Release|x64
		{F678C4CF-76B5-4AF2-A9B0-123747C9F3CA}.Release|x86.ActiveCfg = Release|Win32
		{F678C4CF-76B5-4AF2-A9B0-123747C9F3CA}.Release|x86.Build.0 = Release|Win32
	EndGlobalSection
	GlobalSection(SolutionProperties) = preSolution
		HideSolutionNode = FALSE
	EndGlobalSection
	GlobalSection(ExtensibilityGlobals) = postSolution
		SolutionGuid = {2928FA6F-172A-436A-AFC9-5AC4C2DE8756}
	EndGlobalSection
EndGlobal
